// !$*UTF8*$!
{
	archiveVersion = 1;
	classes = {
	};
	objectVersion = 50;
	objects = {

/* Begin PBXBuildFile section */
		08D6482CE373D1C363EFE364 /* Pods_4Rum.framework in Frameworks */ = {isa = PBXBuildFile; fileRef = DA3FC006192B21920D8558D0 /* Pods_4Rum.framework */; };
		8350BE4020F84981002C7FF1 /* Localizable.strings in Resources */ = {isa = PBXBuildFile; fileRef = 8350BE4220F84981002C7FF1 /* Localizable.strings */; };
		8350BE4520F84AA7002C7FF1 /* String+Extension.swift in Sources */ = {isa = PBXBuildFile; fileRef = 8350BE4420F84AA7002C7FF1 /* String+Extension.swift */; };
		8350BE4920F85006002C7FF1 /* Login.xcassets in Resources */ = {isa = PBXBuildFile; fileRef = 8350BE4820F85006002C7FF1 /* Login.xcassets */; };
		8356F80920EF12A5001E71B1 /* AppDelegate.swift in Sources */ = {isa = PBXBuildFile; fileRef = 8356F80820EF12A5001E71B1 /* AppDelegate.swift */; };
		8356F80B20EF12A5001E71B1 /* ViewController.swift in Sources */ = {isa = PBXBuildFile; fileRef = 8356F80A20EF12A5001E71B1 /* ViewController.swift */; };
		8356F80E20EF12A5001E71B1 /* Main.storyboard in Resources */ = {isa = PBXBuildFile; fileRef = 8356F80C20EF12A5001E71B1 /* Main.storyboard */; };
		8356F81020EF12A8001E71B1 /* Assets.xcassets in Resources */ = {isa = PBXBuildFile; fileRef = 8356F80F20EF12A8001E71B1 /* Assets.xcassets */; };
		8356F81320EF12A8001E71B1 /* LaunchScreen.storyboard in Resources */ = {isa = PBXBuildFile; fileRef = 8356F81120EF12A8001E71B1 /* LaunchScreen.storyboard */; };
		839E13E920F5FEB30043E6A0 /* GoogleService-Info.plist in Resources */ = {isa = PBXBuildFile; fileRef = 839E13E820F5FEB30043E6A0 /* GoogleService-Info.plist */; };
		83BF19FD20F6F2BB00F2DFF9 /* Reusable.swift in Sources */ = {isa = PBXBuildFile; fileRef = 83BF19F920F6F2BB00F2DFF9 /* Reusable.swift */; };
		83BF19FE20F6F2BB00F2DFF9 /* ErrorTracker.swift in Sources */ = {isa = PBXBuildFile; fileRef = 83BF19FA20F6F2BB00F2DFF9 /* ErrorTracker.swift */; };
		83BF19FF20F6F2BB00F2DFF9 /* Observable+Ext.swift in Sources */ = {isa = PBXBuildFile; fileRef = 83BF19FB20F6F2BB00F2DFF9 /* Observable+Ext.swift */; };
		83BF1A0020F6F2BB00F2DFF9 /* ActivityIndicator.swift in Sources */ = {isa = PBXBuildFile; fileRef = 83BF19FC20F6F2BB00F2DFF9 /* ActivityIndicator.swift */; };
		83BF1A0220F6F2E400F2DFF9 /* ViewModelType.swift in Sources */ = {isa = PBXBuildFile; fileRef = 83BF1A0120F6F2E400F2DFF9 /* ViewModelType.swift */; };
		83BF1A0520F6F3BF00F2DFF9 /* BaseViewController.swift in Sources */ = {isa = PBXBuildFile; fileRef = 83BF1A0420F6F3BF00F2DFF9 /* BaseViewController.swift */; };
		83BF1A0720F6F40900F2DFF9 /* LoginViewController.swift in Sources */ = {isa = PBXBuildFile; fileRef = 83BF1A0620F6F40900F2DFF9 /* LoginViewController.swift */; };
		83BF1A0920F6F52200F2DFF9 /* LoginViewControllerNode.swift in Sources */ = {isa = PBXBuildFile; fileRef = 83BF1A0820F6F52100F2DFF9 /* LoginViewControllerNode.swift */; };
		83BF1A1420F6F6F100F2DFF9 /* OpenSans-SemiBold.ttf in Resources */ = {isa = PBXBuildFile; fileRef = 83BF1A0D20F6F6F100F2DFF9 /* OpenSans-SemiBold.ttf */; };
		83BF1A1520F6F6F100F2DFF9 /* OpenSans-Italic.ttf in Resources */ = {isa = PBXBuildFile; fileRef = 83BF1A0E20F6F6F100F2DFF9 /* OpenSans-Italic.ttf */; };
		83BF1A1620F6F6F100F2DFF9 /* OpenSans-Bold.ttf in Resources */ = {isa = PBXBuildFile; fileRef = 83BF1A0F20F6F6F100F2DFF9 /* OpenSans-Bold.ttf */; };
		83BF1A1720F6F6F100F2DFF9 /* OpenSans-Regular.ttf in Resources */ = {isa = PBXBuildFile; fileRef = 83BF1A1020F6F6F100F2DFF9 /* OpenSans-Regular.ttf */; };
		83BF1A1820F6F6F100F2DFF9 /* Roboto-Medium.ttf in Resources */ = {isa = PBXBuildFile; fileRef = 83BF1A1220F6F6F100F2DFF9 /* Roboto-Medium.ttf */; };
		83BF1A1920F6F6F100F2DFF9 /* Roboto-Bold.ttf in Resources */ = {isa = PBXBuildFile; fileRef = 83BF1A1320F6F6F100F2DFF9 /* Roboto-Bold.ttf */; };
		83BF1A1B20F6F8AF00F2DFF9 /* AppFont.swift in Sources */ = {isa = PBXBuildFile; fileRef = 83BF1A1A20F6F8AF00F2DFF9 /* AppFont.swift */; };
		83BF1A1D20F6FA7A00F2DFF9 /* AppString.swift in Sources */ = {isa = PBXBuildFile; fileRef = 83BF1A1C20F6FA7A00F2DFF9 /* AppString.swift */; };
		83BF1A1F20F6FC5500F2DFF9 /* Logger.swift in Sources */ = {isa = PBXBuildFile; fileRef = 83BF1A1E20F6FC5500F2DFF9 /* Logger.swift */; };
		83C4D94220F498F400912823 /* FollowingViewController.swift in Sources */ = {isa = PBXBuildFile; fileRef = 83C4D94120F498F400912823 /* FollowingViewController.swift */; };
		83C4D94420F4992800912823 /* FollowingNavigator.swift in Sources */ = {isa = PBXBuildFile; fileRef = 83C4D94320F4992800912823 /* FollowingNavigator.swift */; };
		83C4D94620F4993C00912823 /* HomeNavigator.swift in Sources */ = {isa = PBXBuildFile; fileRef = 83C4D94520F4993C00912823 /* HomeNavigator.swift */; };
		83C4D94820F4994C00912823 /* HomeViewController.swift in Sources */ = {isa = PBXBuildFile; fileRef = 83C4D94720F4994C00912823 /* HomeViewController.swift */; };
		83C4D94A20F4996400912823 /* InboxViewController.swift in Sources */ = {isa = PBXBuildFile; fileRef = 83C4D94920F4996400912823 /* InboxViewController.swift */; };
		83C4D94C20F4997400912823 /* InboxNavigator.swift in Sources */ = {isa = PBXBuildFile; fileRef = 83C4D94B20F4997400912823 /* InboxNavigator.swift */; };
		83C4D94E20F4997F00912823 /* ProfileNavigator.swift in Sources */ = {isa = PBXBuildFile; fileRef = 83C4D94D20F4997F00912823 /* ProfileNavigator.swift */; };
		83C4D95020F4998E00912823 /* ProfileViewController.swift in Sources */ = {isa = PBXBuildFile; fileRef = 83C4D94F20F4998E00912823 /* ProfileViewController.swift */; };
		83C4D95220F4A00400912823 /* Application.swift in Sources */ = {isa = PBXBuildFile; fileRef = 83C4D95120F4A00400912823 /* Application.swift */; };
		83C4D95420F4A1F800912823 /* Tabbar.xcassets in Resources */ = {isa = PBXBuildFile; fileRef = 83C4D95320F4A1F800912823 /* Tabbar.xcassets */; };
		83C4D95620F4A81600912823 /* UIColor+Extension.swift in Sources */ = {isa = PBXBuildFile; fileRef = 83C4D95520F4A81600912823 /* UIColor+Extension.swift */; };
		83C4D95820F4A84200912823 /* AppColorScheme.swift in Sources */ = {isa = PBXBuildFile; fileRef = 83C4D95720F4A84200912823 /* AppColorScheme.swift */; };
		83C4D95B20F4A97C00912823 /* AppNavigationController.swift in Sources */ = {isa = PBXBuildFile; fileRef = 83C4D95A20F4A97C00912823 /* AppNavigationController.swift */; };
		83C4D95D20F4A9D100912823 /* AppTabBarController.swift in Sources */ = {isa = PBXBuildFile; fileRef = 83C4D95C20F4A9D100912823 /* AppTabBarController.swift */; };
		83C4D96220F4AB2B00912823 /* Theme.swift in Sources */ = {isa = PBXBuildFile; fileRef = 83C4D96120F4AB2B00912823 /* Theme.swift */; };
		83E99E2620FC49680024C156 /* LoginViewModel.swift in Sources */ = {isa = PBXBuildFile; fileRef = 83E99E2520FC49680024C156 /* LoginViewModel.swift */; };
		83E99E2C20FC561D0024C156 /* ASTextFieldNode.mm in Sources */ = {isa = PBXBuildFile; fileRef = 83E99E2A20FC561C0024C156 /* ASTextFieldNode.mm */; };
		83E99E2D20FC561D0024C156 /* ASTextFieldView.mm in Sources */ = {isa = PBXBuildFile; fileRef = 83E99E2B20FC561C0024C156 /* ASTextFieldView.mm */; };
/* End PBXBuildFile section */

/* Begin PBXFileReference section */
		3FAE680ACF295398AE61786E /* Pods-4Rum.debug.xcconfig */ = {isa = PBXFileReference; includeInIndex = 1; lastKnownFileType = text.xcconfig; name = "Pods-4Rum.debug.xcconfig"; path = "Pods/Target Support Files/Pods-4Rum/Pods-4Rum.debug.xcconfig"; sourceTree = "<group>"; };
		81B8E242CD848F34A1364D90 /* Pods-4Rum.release.xcconfig */ = {isa = PBXFileReference; includeInIndex = 1; lastKnownFileType = text.xcconfig; name = "Pods-4Rum.release.xcconfig"; path = "Pods/Target Support Files/Pods-4Rum/Pods-4Rum.release.xcconfig"; sourceTree = "<group>"; };
		8350BE3C20F84908002C7FF1 /* vi */ = {isa = PBXFileReference; lastKnownFileType = text.plist.strings; name = vi; path = vi.lproj/Main.strings; sourceTree = "<group>"; };
		8350BE3D20F84908002C7FF1 /* vi */ = {isa = PBXFileReference; lastKnownFileType = text.plist.strings; name = vi; path = vi.lproj/LaunchScreen.strings; sourceTree = "<group>"; };
		8350BE4120F84981002C7FF1 /* vi */ = {isa = PBXFileReference; lastKnownFileType = text.plist.strings; name = vi; path = vi.lproj/Localizable.strings; sourceTree = "<group>"; };
		8350BE4320F84984002C7FF1 /* en */ = {isa = PBXFileReference; lastKnownFileType = text.plist.strings; name = en; path = en.lproj/Localizable.strings; sourceTree = "<group>"; };
		8350BE4420F84AA7002C7FF1 /* String+Extension.swift */ = {isa = PBXFileReference; lastKnownFileType = sourcecode.swift; path = "String+Extension.swift"; sourceTree = "<group>"; };
		8350BE4820F85006002C7FF1 /* Login.xcassets */ = {isa = PBXFileReference; lastKnownFileType = folder.assetcatalog; path = Login.xcassets; sourceTree = "<group>"; };
		8356F80520EF12A5001E71B1 /* 4Rum.app */ = {isa = PBXFileReference; explicitFileType = wrapper.application; includeInIndex = 0; path = 4Rum.app; sourceTree = BUILT_PRODUCTS_DIR; };
		8356F80820EF12A5001E71B1 /* AppDelegate.swift */ = {isa = PBXFileReference; lastKnownFileType = sourcecode.swift; path = AppDelegate.swift; sourceTree = "<group>"; };
		8356F80A20EF12A5001E71B1 /* ViewController.swift */ = {isa = PBXFileReference; lastKnownFileType = sourcecode.swift; path = ViewController.swift; sourceTree = "<group>"; };
		8356F80D20EF12A5001E71B1 /* Base */ = {isa = PBXFileReference; lastKnownFileType = file.storyboard; name = Base; path = Base.lproj/Main.storyboard; sourceTree = "<group>"; };
		8356F80F20EF12A8001E71B1 /* Assets.xcassets */ = {isa = PBXFileReference; lastKnownFileType = folder.assetcatalog; path = Assets.xcassets; sourceTree = "<group>"; };
		8356F81220EF12A8001E71B1 /* Base */ = {isa = PBXFileReference; lastKnownFileType = file.storyboard; name = Base; path = Base.lproj/LaunchScreen.storyboard; sourceTree = "<group>"; };
		8356F81420EF12A8001E71B1 /* Info.plist */ = {isa = PBXFileReference; lastKnownFileType = text.plist.xml; path = Info.plist; sourceTree = "<group>"; };
		839E13E820F5FEB30043E6A0 /* GoogleService-Info.plist */ = {isa = PBXFileReference; fileEncoding = 4; lastKnownFileType = text.plist.xml; path = "GoogleService-Info.plist"; sourceTree = "<group>"; };
		83BF19F920F6F2BB00F2DFF9 /* Reusable.swift */ = {isa = PBXFileReference; fileEncoding = 4; lastKnownFileType = sourcecode.swift; path = Reusable.swift; sourceTree = "<group>"; };
		83BF19FA20F6F2BB00F2DFF9 /* ErrorTracker.swift */ = {isa = PBXFileReference; fileEncoding = 4; lastKnownFileType = sourcecode.swift; path = ErrorTracker.swift; sourceTree = "<group>"; };
		83BF19FB20F6F2BB00F2DFF9 /* Observable+Ext.swift */ = {isa = PBXFileReference; fileEncoding = 4; lastKnownFileType = sourcecode.swift; path = "Observable+Ext.swift"; sourceTree = "<group>"; };
		83BF19FC20F6F2BB00F2DFF9 /* ActivityIndicator.swift */ = {isa = PBXFileReference; fileEncoding = 4; lastKnownFileType = sourcecode.swift; path = ActivityIndicator.swift; sourceTree = "<group>"; };
		83BF1A0120F6F2E400F2DFF9 /* ViewModelType.swift */ = {isa = PBXFileReference; lastKnownFileType = sourcecode.swift; path = ViewModelType.swift; sourceTree = "<group>"; };
		83BF1A0420F6F3BF00F2DFF9 /* BaseViewController.swift */ = {isa = PBXFileReference; lastKnownFileType = sourcecode.swift; path = BaseViewController.swift; sourceTree = "<group>"; };
		83BF1A0620F6F40900F2DFF9 /* LoginViewController.swift */ = {isa = PBXFileReference; lastKnownFileType = sourcecode.swift; path = LoginViewController.swift; sourceTree = "<group>"; };
		83BF1A0820F6F52100F2DFF9 /* LoginViewControllerNode.swift */ = {isa = PBXFileReference; lastKnownFileType = sourcecode.swift; path = LoginViewControllerNode.swift; sourceTree = "<group>"; };
		83BF1A0D20F6F6F100F2DFF9 /* OpenSans-SemiBold.ttf */ = {isa = PBXFileReference; lastKnownFileType = file; path = "OpenSans-SemiBold.ttf"; sourceTree = "<group>"; };
		83BF1A0E20F6F6F100F2DFF9 /* OpenSans-Italic.ttf */ = {isa = PBXFileReference; lastKnownFileType = file; path = "OpenSans-Italic.ttf"; sourceTree = "<group>"; };
		83BF1A0F20F6F6F100F2DFF9 /* OpenSans-Bold.ttf */ = {isa = PBXFileReference; lastKnownFileType = file; path = "OpenSans-Bold.ttf"; sourceTree = "<group>"; };
		83BF1A1020F6F6F100F2DFF9 /* OpenSans-Regular.ttf */ = {isa = PBXFileReference; lastKnownFileType = file; path = "OpenSans-Regular.ttf"; sourceTree = "<group>"; };
		83BF1A1220F6F6F100F2DFF9 /* Roboto-Medium.ttf */ = {isa = PBXFileReference; lastKnownFileType = file; path = "Roboto-Medium.ttf"; sourceTree = "<group>"; };
		83BF1A1320F6F6F100F2DFF9 /* Roboto-Bold.ttf */ = {isa = PBXFileReference; lastKnownFileType = file; path = "Roboto-Bold.ttf"; sourceTree = "<group>"; };
		83BF1A1A20F6F8AF00F2DFF9 /* AppFont.swift */ = {isa = PBXFileReference; lastKnownFileType = sourcecode.swift; path = AppFont.swift; sourceTree = "<group>"; };
		83BF1A1C20F6FA7A00F2DFF9 /* AppString.swift */ = {isa = PBXFileReference; lastKnownFileType = sourcecode.swift; path = AppString.swift; sourceTree = "<group>"; };
		83BF1A1E20F6FC5500F2DFF9 /* Logger.swift */ = {isa = PBXFileReference; fileEncoding = 4; lastKnownFileType = sourcecode.swift; path = Logger.swift; sourceTree = "<group>"; };
		83C4D94120F498F400912823 /* FollowingViewController.swift */ = {isa = PBXFileReference; lastKnownFileType = sourcecode.swift; path = FollowingViewController.swift; sourceTree = "<group>"; };
		83C4D94320F4992800912823 /* FollowingNavigator.swift */ = {isa = PBXFileReference; lastKnownFileType = sourcecode.swift; path = FollowingNavigator.swift; sourceTree = "<group>"; };
		83C4D94520F4993C00912823 /* HomeNavigator.swift */ = {isa = PBXFileReference; lastKnownFileType = sourcecode.swift; path = HomeNavigator.swift; sourceTree = "<group>"; };
		83C4D94720F4994C00912823 /* HomeViewController.swift */ = {isa = PBXFileReference; lastKnownFileType = sourcecode.swift; path = HomeViewController.swift; sourceTree = "<group>"; };
		83C4D94920F4996400912823 /* InboxViewController.swift */ = {isa = PBXFileReference; lastKnownFileType = sourcecode.swift; path = InboxViewController.swift; sourceTree = "<group>"; };
		83C4D94B20F4997400912823 /* InboxNavigator.swift */ = {isa = PBXFileReference; lastKnownFileType = sourcecode.swift; path = InboxNavigator.swift; sourceTree = "<group>"; };
		83C4D94D20F4997F00912823 /* ProfileNavigator.swift */ = {isa = PBXFileReference; lastKnownFileType = sourcecode.swift; path = ProfileNavigator.swift; sourceTree = "<group>"; };
		83C4D94F20F4998E00912823 /* ProfileViewController.swift */ = {isa = PBXFileReference; lastKnownFileType = sourcecode.swift; path = ProfileViewController.swift; sourceTree = "<group>"; };
		83C4D95120F4A00400912823 /* Application.swift */ = {isa = PBXFileReference; lastKnownFileType = sourcecode.swift; path = Application.swift; sourceTree = "<group>"; };
		83C4D95320F4A1F800912823 /* Tabbar.xcassets */ = {isa = PBXFileReference; lastKnownFileType = folder.assetcatalog; path = Tabbar.xcassets; sourceTree = "<group>"; };
		83C4D95520F4A81600912823 /* UIColor+Extension.swift */ = {isa = PBXFileReference; lastKnownFileType = sourcecode.swift; path = "UIColor+Extension.swift"; sourceTree = "<group>"; };
		83C4D95720F4A84200912823 /* AppColorScheme.swift */ = {isa = PBXFileReference; lastKnownFileType = sourcecode.swift; path = AppColorScheme.swift; sourceTree = "<group>"; };
		83C4D95A20F4A97C00912823 /* AppNavigationController.swift */ = {isa = PBXFileReference; lastKnownFileType = sourcecode.swift; path = AppNavigationController.swift; sourceTree = "<group>"; };
		83C4D95C20F4A9D100912823 /* AppTabBarController.swift */ = {isa = PBXFileReference; lastKnownFileType = sourcecode.swift; path = AppTabBarController.swift; sourceTree = "<group>"; };
		83C4D96120F4AB2B00912823 /* Theme.swift */ = {isa = PBXFileReference; lastKnownFileType = sourcecode.swift; path = Theme.swift; sourceTree = "<group>"; };
		83E99E2520FC49680024C156 /* LoginViewModel.swift */ = {isa = PBXFileReference; lastKnownFileType = sourcecode.swift; path = LoginViewModel.swift; sourceTree = "<group>"; };
		83E99E2820FC561C0024C156 /* ASTextFieldNode.h */ = {isa = PBXFileReference; fileEncoding = 4; lastKnownFileType = sourcecode.c.h; path = ASTextFieldNode.h; sourceTree = "<group>"; };
		83E99E2920FC561C0024C156 /* ASTextFieldView.h */ = {isa = PBXFileReference; fileEncoding = 4; lastKnownFileType = sourcecode.c.h; path = ASTextFieldView.h; sourceTree = "<group>"; };
		83E99E2A20FC561C0024C156 /* ASTextFieldNode.mm */ = {isa = PBXFileReference; fileEncoding = 4; lastKnownFileType = sourcecode.cpp.objcpp; path = ASTextFieldNode.mm; sourceTree = "<group>"; };
		83E99E2B20FC561C0024C156 /* ASTextFieldView.mm */ = {isa = PBXFileReference; fileEncoding = 4; lastKnownFileType = sourcecode.cpp.objcpp; path = ASTextFieldView.mm; sourceTree = "<group>"; };
		83E99E3720FC6E5F0024C156 /* 4Rum-Bridging-Header.h */ = {isa = PBXFileReference; lastKnownFileType = sourcecode.c.h; path = "4Rum-Bridging-Header.h"; sourceTree = "<group>"; };
		DA3FC006192B21920D8558D0 /* Pods_4Rum.framework */ = {isa = PBXFileReference; explicitFileType = wrapper.framework; includeInIndex = 0; path = Pods_4Rum.framework; sourceTree = BUILT_PRODUCTS_DIR; };
/* End PBXFileReference section */

/* Begin PBXFrameworksBuildPhase section */
		8356F80220EF12A5001E71B1 /* Frameworks */ = {
			isa = PBXFrameworksBuildPhase;
			buildActionMask = 2147483647;
			files = (
				08D6482CE373D1C363EFE364 /* Pods_4Rum.framework in Frameworks */,
			);
			runOnlyForDeploymentPostprocessing = 0;
		};
/* End PBXFrameworksBuildPhase section */

/* Begin PBXGroup section */
		3098C2ABE6780AB0F548B31A /* Pods */ = {
			isa = PBXGroup;
			children = (
				3FAE680ACF295398AE61786E /* Pods-4Rum.debug.xcconfig */,
				81B8E242CD848F34A1364D90 /* Pods-4Rum.release.xcconfig */,
			);
			name = Pods;
			sourceTree = "<group>";
		};
		33F1680F2C43A36662C446CD /* Frameworks */ = {
			isa = PBXGroup;
			children = (
				DA3FC006192B21920D8558D0 /* Pods_4Rum.framework */,
			);
			name = Frameworks;
			sourceTree = "<group>";
		};
		8350BE4620F84AAF002C7FF1 /* Extension */ = {
			isa = PBXGroup;
			children = (
				8350BE4420F84AA7002C7FF1 /* String+Extension.swift */,
				83C4D95520F4A81600912823 /* UIColor+Extension.swift */,
			);
			path = Extension;
			sourceTree = "<group>";
		};
		8350BE4720F84AC4002C7FF1 /* AppFoundation */ = {
			isa = PBXGroup;
			children = (
				83C4D95720F4A84200912823 /* AppColorScheme.swift */,
				83BF1A0120F6F2E400F2DFF9 /* ViewModelType.swift */,
				83BF1A1A20F6F8AF00F2DFF9 /* AppFont.swift */,
				83BF1A1C20F6FA7A00F2DFF9 /* AppString.swift */,
			);
			path = AppFoundation;
			sourceTree = "<group>";
		};
		8356F7FC20EF12A5001E71B1 = {
			isa = PBXGroup;
			children = (
				8356F80720EF12A5001E71B1 /* 4Rum */,
				8356F80620EF12A5001E71B1 /* Products */,
				3098C2ABE6780AB0F548B31A /* Pods */,
				33F1680F2C43A36662C446CD /* Frameworks */,
			);
			sourceTree = "<group>";
		};
		8356F80620EF12A5001E71B1 /* Products */ = {
			isa = PBXGroup;
			children = (
				8356F80520EF12A5001E71B1 /* 4Rum.app */,
			);
			name = Products;
			sourceTree = "<group>";
		};
		8356F80720EF12A5001E71B1 /* 4Rum */ = {
			isa = PBXGroup;
			children = (
				83BF1A0A20F6F68700F2DFF9 /* Resources */,
				83C4D93820F4961900912823 /* Domain */,
				83C4D93720F495F400912823 /* Scenes */,
				83C4D93620F490EB00912823 /* Common */,
				83C4D93520F490DD00912823 /* Application */,
				8356F80820EF12A5001E71B1 /* AppDelegate.swift */,
				8356F80A20EF12A5001E71B1 /* ViewController.swift */,
				8350BE4220F84981002C7FF1 /* Localizable.strings */,
				8356F80C20EF12A5001E71B1 /* Main.storyboard */,
				8356F80F20EF12A8001E71B1 /* Assets.xcassets */,
				8356F81120EF12A8001E71B1 /* LaunchScreen.storyboard */,
				8356F81420EF12A8001E71B1 /* Info.plist */,
				839E13E820F5FEB30043E6A0 /* GoogleService-Info.plist */,
				83E99E3720FC6E5F0024C156 /* 4Rum-Bridging-Header.h */,
			);
			path = 4Rum;
			sourceTree = "<group>";
		};
		83BF19F720F6EE6B00F2DFF9 /* Auth */ = {
			isa = PBXGroup;
			children = (
				83BF1A0320F6F39700F2DFF9 /* Login */,
			);
			path = Auth;
			sourceTree = "<group>";
		};
		83BF19F820F6F2A300F2DFF9 /* Utlity */ = {
			isa = PBXGroup;
			children = (
				83BF1A1E20F6FC5500F2DFF9 /* Logger.swift */,
				83BF19FC20F6F2BB00F2DFF9 /* ActivityIndicator.swift */,
				83BF19FA20F6F2BB00F2DFF9 /* ErrorTracker.swift */,
				83BF19FB20F6F2BB00F2DFF9 /* Observable+Ext.swift */,
				83BF19F920F6F2BB00F2DFF9 /* Reusable.swift */,
			);
			path = Utlity;
			sourceTree = "<group>";
		};
		83BF1A0320F6F39700F2DFF9 /* Login */ = {
			isa = PBXGroup;
			children = (
				83BF1A0620F6F40900F2DFF9 /* LoginViewController.swift */,
				83BF1A0820F6F52100F2DFF9 /* LoginViewControllerNode.swift */,
				8350BE4820F85006002C7FF1 /* Login.xcassets */,
				83E99E2520FC49680024C156 /* LoginViewModel.swift */,
			);
			path = Login;
			sourceTree = "<group>";
		};
		83BF1A0A20F6F68700F2DFF9 /* Resources */ = {
			isa = PBXGroup;
			children = (
				83BF1A0B20F6F6F100F2DFF9 /* fonts */,
			);
			path = Resources;
			sourceTree = "<group>";
		};
		83BF1A0B20F6F6F100F2DFF9 /* fonts */ = {
			isa = PBXGroup;
			children = (
				83BF1A0C20F6F6F100F2DFF9 /* Open_Sans */,
				83BF1A1120F6F6F100F2DFF9 /* Roboto */,
			);
			path = fonts;
			sourceTree = "<group>";
		};
		83BF1A0C20F6F6F100F2DFF9 /* Open_Sans */ = {
			isa = PBXGroup;
			children = (
				83BF1A0D20F6F6F100F2DFF9 /* OpenSans-SemiBold.ttf */,
				83BF1A0E20F6F6F100F2DFF9 /* OpenSans-Italic.ttf */,
				83BF1A0F20F6F6F100F2DFF9 /* OpenSans-Bold.ttf */,
				83BF1A1020F6F6F100F2DFF9 /* OpenSans-Regular.ttf */,
			);
			path = Open_Sans;
			sourceTree = "<group>";
		};
		83BF1A1120F6F6F100F2DFF9 /* Roboto */ = {
			isa = PBXGroup;
			children = (
				83BF1A1220F6F6F100F2DFF9 /* Roboto-Medium.ttf */,
				83BF1A1320F6F6F100F2DFF9 /* Roboto-Bold.ttf */,
			);
			path = Roboto;
			sourceTree = "<group>";
		};
		83C4D93520F490DD00912823 /* Application */ = {
			isa = PBXGroup;
			children = (
				83C4D95120F4A00400912823 /* Application.swift */,
				83C4D95320F4A1F800912823 /* Tabbar.xcassets */,
			);
			path = Application;
			sourceTree = "<group>";
		};
		83C4D93620F490EB00912823 /* Common */ = {
			isa = PBXGroup;
			children = (
				8350BE4720F84AC4002C7FF1 /* AppFoundation */,
				8350BE4620F84AAF002C7FF1 /* Extension */,
				83BF19F820F6F2A300F2DFF9 /* Utlity */,
				83C4D96020F4AB1D00912823 /* Theme */,
				83C4D95920F4A96800912823 /* Views */,
			);
			path = Common;
			sourceTree = "<group>";
		};
		83C4D93720F495F400912823 /* Scenes */ = {
			isa = PBXGroup;
			children = (
				83BF19F720F6EE6B00F2DFF9 /* Auth */,
				83C4D93A20F4982E00912823 /* Following */,
				83C4D93920F4980900912823 /* Home */,
				83C4D93B20F4983B00912823 /* Inbox */,
				83C4D93C20F4985100912823 /* Profile */,
			);
			path = Scenes;
			sourceTree = "<group>";
		};
		83C4D93820F4961900912823 /* Domain */ = {
			isa = PBXGroup;
			children = (
			);
			path = Domain;
			sourceTree = "<group>";
		};
		83C4D93920F4980900912823 /* Home */ = {
			isa = PBXGroup;
			children = (
				83C4D94520F4993C00912823 /* HomeNavigator.swift */,
				83C4D94720F4994C00912823 /* HomeViewController.swift */,
			);
			path = Home;
			sourceTree = "<group>";
		};
		83C4D93A20F4982E00912823 /* Following */ = {
			isa = PBXGroup;
			children = (
				83C4D94320F4992800912823 /* FollowingNavigator.swift */,
				83C4D94120F498F400912823 /* FollowingViewController.swift */,
			);
			path = Following;
			sourceTree = "<group>";
		};
		83C4D93B20F4983B00912823 /* Inbox */ = {
			isa = PBXGroup;
			children = (
				83C4D94B20F4997400912823 /* InboxNavigator.swift */,
				83C4D94920F4996400912823 /* InboxViewController.swift */,
			);
			path = Inbox;
			sourceTree = "<group>";
		};
		83C4D93C20F4985100912823 /* Profile */ = {
			isa = PBXGroup;
			children = (
				83C4D94D20F4997F00912823 /* ProfileNavigator.swift */,
				83C4D94F20F4998E00912823 /* ProfileViewController.swift */,
			);
			path = Profile;
			sourceTree = "<group>";
		};
		83C4D95920F4A96800912823 /* Views */ = {
			isa = PBXGroup;
			children = (
				83E99E2720FC561C0024C156 /* TextField */,
				83C4D95A20F4A97C00912823 /* AppNavigationController.swift */,
				83C4D95C20F4A9D100912823 /* AppTabBarController.swift */,
				83BF1A0420F6F3BF00F2DFF9 /* BaseViewController.swift */,
			);
			path = Views;
			sourceTree = "<group>";
		};
		83C4D96020F4AB1D00912823 /* Theme */ = {
			isa = PBXGroup;
			children = (
				83C4D96120F4AB2B00912823 /* Theme.swift */,
			);
			path = Theme;
			sourceTree = "<group>";
		};
		83E99E2720FC561C0024C156 /* TextField */ = {
			isa = PBXGroup;
			children = (
				83E99E2820FC561C0024C156 /* ASTextFieldNode.h */,
				83E99E2920FC561C0024C156 /* ASTextFieldView.h */,
				83E99E2A20FC561C0024C156 /* ASTextFieldNode.mm */,
				83E99E2B20FC561C0024C156 /* ASTextFieldView.mm */,
			);
			path = TextField;
			sourceTree = "<group>";
		};
/* End PBXGroup section */

/* Begin PBXNativeTarget section */
		8356F80420EF12A5001E71B1 /* 4Rum */ = {
			isa = PBXNativeTarget;
			buildConfigurationList = 8356F81720EF12A8001E71B1 /* Build configuration list for PBXNativeTarget "4Rum" */;
			buildPhases = (
				62B8D701602CBDDC21F98AF4 /* [CP] Check Pods Manifest.lock */,
				8356F80120EF12A5001E71B1 /* Sources */,
				8356F80220EF12A5001E71B1 /* Frameworks */,
				8356F80320EF12A5001E71B1 /* Resources */,
				085C2FFD2886BCDE3E58650C /* [CP] Embed Pods Frameworks */,
			);
			buildRules = (
			);
			dependencies = (
			);
			name = 4Rum;
			productName = 4Rum;
			productReference = 8356F80520EF12A5001E71B1 /* 4Rum.app */;
			productType = "com.apple.product-type.application";
		};
/* End PBXNativeTarget section */

/* Begin PBXProject section */
		8356F7FD20EF12A5001E71B1 /* Project object */ = {
			isa = PBXProject;
			attributes = {
				LastSwiftUpdateCheck = 0940;
				LastUpgradeCheck = 0940;
				ORGANIZATIONNAME = mobile;
				TargetAttributes = {
					8356F80420EF12A5001E71B1 = {
						CreatedOnToolsVersion = 9.4.1;
					};
				};
			};
			buildConfigurationList = 8356F80020EF12A5001E71B1 /* Build configuration list for PBXProject "4Rum" */;
			compatibilityVersion = "Xcode 9.3";
			developmentRegion = en;
			hasScannedForEncodings = 0;
			knownRegions = (
				en,
				Base,
			);
			mainGroup = 8356F7FC20EF12A5001E71B1;
			productRefGroup = 8356F80620EF12A5001E71B1 /* Products */;
			projectDirPath = "";
			projectRoot = "";
			targets = (
				8356F80420EF12A5001E71B1 /* 4Rum */,
			);
		};
/* End PBXProject section */

/* Begin PBXResourcesBuildPhase section */
		8356F80320EF12A5001E71B1 /* Resources */ = {
			isa = PBXResourcesBuildPhase;
			buildActionMask = 2147483647;
			files = (
				83BF1A1820F6F6F100F2DFF9 /* Roboto-Medium.ttf in Resources */,
				8350BE4020F84981002C7FF1 /* Localizable.strings in Resources */,
				8356F81320EF12A8001E71B1 /* LaunchScreen.storyboard in Resources */,
				8356F81020EF12A8001E71B1 /* Assets.xcassets in Resources */,
				83BF1A1620F6F6F100F2DFF9 /* OpenSans-Bold.ttf in Resources */,
				8350BE4920F85006002C7FF1 /* Login.xcassets in Resources */,
				83BF1A1920F6F6F100F2DFF9 /* Roboto-Bold.ttf in Resources */,
				839E13E920F5FEB30043E6A0 /* GoogleService-Info.plist in Resources */,
				8356F80E20EF12A5001E71B1 /* Main.storyboard in Resources */,
				83BF1A1420F6F6F100F2DFF9 /* OpenSans-SemiBold.ttf in Resources */,
				83C4D95420F4A1F800912823 /* Tabbar.xcassets in Resources */,
				83BF1A1720F6F6F100F2DFF9 /* OpenSans-Regular.ttf in Resources */,
				83BF1A1520F6F6F100F2DFF9 /* OpenSans-Italic.ttf in Resources */,
			);
			runOnlyForDeploymentPostprocessing = 0;
		};
/* End PBXResourcesBuildPhase section */

/* Begin PBXShellScriptBuildPhase section */
		085C2FFD2886BCDE3E58650C /* [CP] Embed Pods Frameworks */ = {
			isa = PBXShellScriptBuildPhase;
			buildActionMask = 2147483647;
			files = (
			);
			inputPaths = (
				"${SRCROOT}/Pods/Target Support Files/Pods-4Rum/Pods-4Rum-frameworks.sh",
				"${BUILT_PRODUCTS_DIR}/Alamofire/Alamofire.framework",
				"${BUILT_PRODUCTS_DIR}/GoogleToolboxForMac/GoogleToolboxForMac.framework",
				"${BUILT_PRODUCTS_DIR}/PINCache/PINCache.framework",
				"${BUILT_PRODUCTS_DIR}/PINOperation/PINOperation.framework",
				"${BUILT_PRODUCTS_DIR}/PINRemoteImage/PINRemoteImage.framework",
				"${BUILT_PRODUCTS_DIR}/RxCocoa/RxCocoa.framework",
				"${BUILT_PRODUCTS_DIR}/RxSwift/RxSwift.framework",
				"${BUILT_PRODUCTS_DIR}/Texture/AsyncDisplayKit.framework",
				"${BUILT_PRODUCTS_DIR}/nanopb/nanopb.framework",
			);
			name = "[CP] Embed Pods Frameworks";
			outputPaths = (
				"${TARGET_BUILD_DIR}/${FRAMEWORKS_FOLDER_PATH}/Alamofire.framework",
				"${TARGET_BUILD_DIR}/${FRAMEWORKS_FOLDER_PATH}/GoogleToolboxForMac.framework",
				"${TARGET_BUILD_DIR}/${FRAMEWORKS_FOLDER_PATH}/PINCache.framework",
				"${TARGET_BUILD_DIR}/${FRAMEWORKS_FOLDER_PATH}/PINOperation.framework",
				"${TARGET_BUILD_DIR}/${FRAMEWORKS_FOLDER_PATH}/PINRemoteImage.framework",
				"${TARGET_BUILD_DIR}/${FRAMEWORKS_FOLDER_PATH}/RxCocoa.framework",
				"${TARGET_BUILD_DIR}/${FRAMEWORKS_FOLDER_PATH}/RxSwift.framework",
				"${TARGET_BUILD_DIR}/${FRAMEWORKS_FOLDER_PATH}/AsyncDisplayKit.framework",
				"${TARGET_BUILD_DIR}/${FRAMEWORKS_FOLDER_PATH}/nanopb.framework",
			);
			runOnlyForDeploymentPostprocessing = 0;
			shellPath = /bin/sh;
			shellScript = "\"${SRCROOT}/Pods/Target Support Files/Pods-4Rum/Pods-4Rum-frameworks.sh\"\n";
			showEnvVarsInLog = 0;
		};
		62B8D701602CBDDC21F98AF4 /* [CP] Check Pods Manifest.lock */ = {
			isa = PBXShellScriptBuildPhase;
			buildActionMask = 2147483647;
			files = (
			);
			inputPaths = (
				"${PODS_PODFILE_DIR_PATH}/Podfile.lock",
				"${PODS_ROOT}/Manifest.lock",
			);
			name = "[CP] Check Pods Manifest.lock";
			outputPaths = (
				"$(DERIVED_FILE_DIR)/Pods-4Rum-checkManifestLockResult.txt",
			);
			runOnlyForDeploymentPostprocessing = 0;
			shellPath = /bin/sh;
			shellScript = "diff \"${PODS_PODFILE_DIR_PATH}/Podfile.lock\" \"${PODS_ROOT}/Manifest.lock\" > /dev/null\nif [ $? != 0 ] ; then\n    # print error to STDERR\n    echo \"error: The sandbox is not in sync with the Podfile.lock. Run 'pod install' or update your CocoaPods installation.\" >&2\n    exit 1\nfi\n# This output is used by Xcode 'outputs' to avoid re-running this script phase.\necho \"SUCCESS\" > \"${SCRIPT_OUTPUT_FILE_0}\"\n";
			showEnvVarsInLog = 0;
		};
/* End PBXShellScriptBuildPhase section */

/* Begin PBXSourcesBuildPhase section */
		8356F80120EF12A5001E71B1 /* Sources */ = {
			isa = PBXSourcesBuildPhase;
			buildActionMask = 2147483647;
			files = (
				83BF19FD20F6F2BB00F2DFF9 /* Reusable.swift in Sources */,
				83C4D94A20F4996400912823 /* InboxViewController.swift in Sources */,
				83C4D95820F4A84200912823 /* AppColorScheme.swift in Sources */,
				83BF1A0720F6F40900F2DFF9 /* LoginViewController.swift in Sources */,
				83BF1A1F20F6FC5500F2DFF9 /* Logger.swift in Sources */,
				8356F80B20EF12A5001E71B1 /* ViewController.swift in Sources */,
				83E99E2D20FC561D0024C156 /* ASTextFieldView.mm in Sources */,
				83C4D95D20F4A9D100912823 /* AppTabBarController.swift in Sources */,
				83C4D95220F4A00400912823 /* Application.swift in Sources */,
				8350BE4520F84AA7002C7FF1 /* String+Extension.swift in Sources */,
				83C4D95620F4A81600912823 /* UIColor+Extension.swift in Sources */,
				83C4D95020F4998E00912823 /* ProfileViewController.swift in Sources */,
				83C4D94C20F4997400912823 /* InboxNavigator.swift in Sources */,
				83C4D95B20F4A97C00912823 /* AppNavigationController.swift in Sources */,
				83C4D94E20F4997F00912823 /* ProfileNavigator.swift in Sources */,
				83C4D94620F4993C00912823 /* HomeNavigator.swift in Sources */,
				83C4D94220F498F400912823 /* FollowingViewController.swift in Sources */,
				83BF1A1D20F6FA7A00F2DFF9 /* AppString.swift in Sources */,
				83BF1A0520F6F3BF00F2DFF9 /* BaseViewController.swift in Sources */,
				83BF19FE20F6F2BB00F2DFF9 /* ErrorTracker.swift in Sources */,
				8356F80920EF12A5001E71B1 /* AppDelegate.swift in Sources */,
				83C4D94420F4992800912823 /* FollowingNavigator.swift in Sources */,
				83E99E2620FC49680024C156 /* LoginViewModel.swift in Sources */,
				83BF1A0020F6F2BB00F2DFF9 /* ActivityIndicator.swift in Sources */,
				83E99E2C20FC561D0024C156 /* ASTextFieldNode.mm in Sources */,
				83BF19FF20F6F2BB00F2DFF9 /* Observable+Ext.swift in Sources */,
				83C4D94820F4994C00912823 /* HomeViewController.swift in Sources */,
				83BF1A1B20F6F8AF00F2DFF9 /* AppFont.swift in Sources */,
				83C4D96220F4AB2B00912823 /* Theme.swift in Sources */,
				83BF1A0920F6F52200F2DFF9 /* LoginViewControllerNode.swift in Sources */,
				83BF1A0220F6F2E400F2DFF9 /* ViewModelType.swift in Sources */,
			);
			runOnlyForDeploymentPostprocessing = 0;
		};
/* End PBXSourcesBuildPhase section */

/* Begin PBXVariantGroup section */
		8350BE4220F84981002C7FF1 /* Localizable.strings */ = {
			isa = PBXVariantGroup;
			children = (
				8350BE4120F84981002C7FF1 /* vi */,
				8350BE4320F84984002C7FF1 /* en */,
			);
			name = Localizable.strings;
			sourceTree = "<group>";
		};
		8356F80C20EF12A5001E71B1 /* Main.storyboard */ = {
			isa = PBXVariantGroup;
			children = (
				8356F80D20EF12A5001E71B1 /* Base */,
				8350BE3C20F84908002C7FF1 /* vi */,
			);
			name = Main.storyboard;
			sourceTree = "<group>";
		};
		8356F81120EF12A8001E71B1 /* LaunchScreen.storyboard */ = {
			isa = PBXVariantGroup;
			children = (
				8356F81220EF12A8001E71B1 /* Base */,
				8350BE3D20F84908002C7FF1 /* vi */,
			);
			name = LaunchScreen.storyboard;
			sourceTree = "<group>";
		};
/* End PBXVariantGroup section */

/* Begin XCBuildConfiguration section */
		8356F81520EF12A8001E71B1 /* Debug */ = {
			isa = XCBuildConfiguration;
			buildSettings = {
				ALWAYS_SEARCH_USER_PATHS = NO;
				CLANG_ANALYZER_LOCALIZABILITY_NONLOCALIZED = YES;
				CLANG_ANALYZER_NONNULL = YES;
				CLANG_ANALYZER_NUMBER_OBJECT_CONVERSION = YES_AGGRESSIVE;
				CLANG_CXX_LANGUAGE_STANDARD = "gnu++14";
				CLANG_CXX_LIBRARY = "libc++";
				CLANG_ENABLE_MODULES = YES;
				CLANG_ENABLE_OBJC_ARC = YES;
				CLANG_ENABLE_OBJC_WEAK = YES;
				CLANG_WARN_BLOCK_CAPTURE_AUTORELEASING = YES;
				CLANG_WARN_BOOL_CONVERSION = YES;
				CLANG_WARN_COMMA = YES;
				CLANG_WARN_CONSTANT_CONVERSION = YES;
				CLANG_WARN_DEPRECATED_OBJC_IMPLEMENTATIONS = YES;
				CLANG_WARN_DIRECT_OBJC_ISA_USAGE = YES_ERROR;
				CLANG_WARN_DOCUMENTATION_COMMENTS = YES;
				CLANG_WARN_EMPTY_BODY = YES;
				CLANG_WARN_ENUM_CONVERSION = YES;
				CLANG_WARN_INFINITE_RECURSION = YES;
				CLANG_WARN_INT_CONVERSION = YES;
				CLANG_WARN_NON_LITERAL_NULL_CONVERSION = YES;
				CLANG_WARN_OBJC_IMPLICIT_RETAIN_SELF = YES;
				CLANG_WARN_OBJC_LITERAL_CONVERSION = YES;
				CLANG_WARN_OBJC_ROOT_CLASS = YES_ERROR;
				CLANG_WARN_RANGE_LOOP_ANALYSIS = YES;
				CLANG_WARN_STRICT_PROTOTYPES = YES;
				CLANG_WARN_SUSPICIOUS_MOVE = YES;
				CLANG_WARN_UNGUARDED_AVAILABILITY = YES_AGGRESSIVE;
				CLANG_WARN_UNREACHABLE_CODE = YES;
				CLANG_WARN__DUPLICATE_METHOD_MATCH = YES;
				CODE_SIGN_IDENTITY = "iPhone Developer";
				COPY_PHASE_STRIP = NO;
				DEBUG_INFORMATION_FORMAT = dwarf;
				ENABLE_STRICT_OBJC_MSGSEND = YES;
				ENABLE_TESTABILITY = YES;
				GCC_C_LANGUAGE_STANDARD = gnu11;
				GCC_DYNAMIC_NO_PIC = NO;
				GCC_NO_COMMON_BLOCKS = YES;
				GCC_OPTIMIZATION_LEVEL = 0;
				GCC_PREPROCESSOR_DEFINITIONS = (
					"DEBUG=1",
					"$(inherited)",
				);
				GCC_WARN_64_TO_32_BIT_CONVERSION = YES;
				GCC_WARN_ABOUT_RETURN_TYPE = YES_ERROR;
				GCC_WARN_UNDECLARED_SELECTOR = YES;
				GCC_WARN_UNINITIALIZED_AUTOS = YES_AGGRESSIVE;
				GCC_WARN_UNUSED_FUNCTION = YES;
				GCC_WARN_UNUSED_VARIABLE = YES;
				IPHONEOS_DEPLOYMENT_TARGET = 11.4;
				MTL_ENABLE_DEBUG_INFO = YES;
				ONLY_ACTIVE_ARCH = YES;
				SDKROOT = iphoneos;
				SWIFT_ACTIVE_COMPILATION_CONDITIONS = DEBUG;
				SWIFT_OBJC_BRIDGING_HEADER = "./4Rum/4Rum-Bridging-Header.h";
				SWIFT_OPTIMIZATION_LEVEL = "-Onone";
			};
			name = Debug;
		};
		8356F81620EF12A8001E71B1 /* Release */ = {
			isa = XCBuildConfiguration;
			buildSettings = {
				ALWAYS_SEARCH_USER_PATHS = NO;
				CLANG_ANALYZER_LOCALIZABILITY_NONLOCALIZED = YES;
				CLANG_ANALYZER_NONNULL = YES;
				CLANG_ANALYZER_NUMBER_OBJECT_CONVERSION = YES_AGGRESSIVE;
				CLANG_CXX_LANGUAGE_STANDARD = "gnu++14";
				CLANG_CXX_LIBRARY = "libc++";
				CLANG_ENABLE_MODULES = YES;
				CLANG_ENABLE_OBJC_ARC = YES;
				CLANG_ENABLE_OBJC_WEAK = YES;
				CLANG_WARN_BLOCK_CAPTURE_AUTORELEASING = YES;
				CLANG_WARN_BOOL_CONVERSION = YES;
				CLANG_WARN_COMMA = YES;
				CLANG_WARN_CONSTANT_CONVERSION = YES;
				CLANG_WARN_DEPRECATED_OBJC_IMPLEMENTATIONS = YES;
				CLANG_WARN_DIRECT_OBJC_ISA_USAGE = YES_ERROR;
				CLANG_WARN_DOCUMENTATION_COMMENTS = YES;
				CLANG_WARN_EMPTY_BODY = YES;
				CLANG_WARN_ENUM_CONVERSION = YES;
				CLANG_WARN_INFINITE_RECURSION = YES;
				CLANG_WARN_INT_CONVERSION = YES;
				CLANG_WARN_NON_LITERAL_NULL_CONVERSION = YES;
				CLANG_WARN_OBJC_IMPLICIT_RETAIN_SELF = YES;
				CLANG_WARN_OBJC_LITERAL_CONVERSION = YES;
				CLANG_WARN_OBJC_ROOT_CLASS = YES_ERROR;
				CLANG_WARN_RANGE_LOOP_ANALYSIS = YES;
				CLANG_WARN_STRICT_PROTOTYPES = YES;
				CLANG_WARN_SUSPICIOUS_MOVE = YES;
				CLANG_WARN_UNGUARDED_AVAILABILITY = YES_AGGRESSIVE;
				CLANG_WARN_UNREACHABLE_CODE = YES;
				CLANG_WARN__DUPLICATE_METHOD_MATCH = YES;
				CODE_SIGN_IDENTITY = "iPhone Developer";
				COPY_PHASE_STRIP = NO;
				DEBUG_INFORMATION_FORMAT = "dwarf-with-dsym";
				ENABLE_NS_ASSERTIONS = NO;
				ENABLE_STRICT_OBJC_MSGSEND = YES;
				GCC_C_LANGUAGE_STANDARD = gnu11;
				GCC_NO_COMMON_BLOCKS = YES;
				GCC_WARN_64_TO_32_BIT_CONVERSION = YES;
				GCC_WARN_ABOUT_RETURN_TYPE = YES_ERROR;
				GCC_WARN_UNDECLARED_SELECTOR = YES;
				GCC_WARN_UNINITIALIZED_AUTOS = YES_AGGRESSIVE;
				GCC_WARN_UNUSED_FUNCTION = YES;
				GCC_WARN_UNUSED_VARIABLE = YES;
				IPHONEOS_DEPLOYMENT_TARGET = 11.4;
				MTL_ENABLE_DEBUG_INFO = NO;
				SDKROOT = iphoneos;
				SWIFT_COMPILATION_MODE = wholemodule;
				SWIFT_OBJC_BRIDGING_HEADER = "./4Rum/4Rum-Bridging-Header.h";
				SWIFT_OPTIMIZATION_LEVEL = "-O";
				VALIDATE_PRODUCT = YES;
			};
			name = Release;
		};
		8356F81820EF12A8001E71B1 /* Debug */ = {
			isa = XCBuildConfiguration;
			baseConfigurationReference = 3FAE680ACF295398AE61786E /* Pods-4Rum.debug.xcconfig */;
			buildSettings = {
				ASSETCATALOG_COMPILER_APPICON_NAME = AppIcon;
				CODE_SIGN_STYLE = Automatic;
				INFOPLIST_FILE = 4Rum/Info.plist;
				LD_RUNPATH_SEARCH_PATHS = (
					"$(inherited)",
					"@executable_path/Frameworks",
				);
				PRODUCT_BUNDLE_IDENTIFIER = com.mobile.4Rum;
				PRODUCT_NAME = "$(TARGET_NAME)";
				SWIFT_VERSION = 4.0;
				TARGETED_DEVICE_FAMILY = "1,2";
			};
			name = Debug;
		};
		8356F81920EF12A8001E71B1 /* Release */ = {
			isa = XCBuildConfiguration;
			baseConfigurationReference = 81B8E242CD848F34A1364D90 /* Pods-4Rum.release.xcconfig */;
			buildSettings = {
				ASSETCATALOG_COMPILER_APPICON_NAME = AppIcon;
				CODE_SIGN_STYLE = Automatic;
				INFOPLIST_FILE = 4Rum/Info.plist;
				LD_RUNPATH_SEARCH_PATHS = (
					"$(inherited)",
					"@executable_path/Frameworks",
				);
				PRODUCT_BUNDLE_IDENTIFIER = com.mobile.4Rum;
				PRODUCT_NAME = "$(TARGET_NAME)";
				SWIFT_VERSION = 4.0;
				TARGETED_DEVICE_FAMILY = "1,2";
			};
			name = Release;
		};
/* End XCBuildConfiguration section */

/* Begin XCConfigurationList section */
		8356F80020EF12A5001E71B1 /* Build configuration list for PBXProject "4Rum" */ = {
			isa = XCConfigurationList;
			buildConfigurations = (
				8356F81520EF12A8001E71B1 /* Debug */,
				8356F81620EF12A8001E71B1 /* Release */,
			);
			defaultConfigurationIsVisible = 0;
			defaultConfigurationName = Release;
		};
		8356F81720EF12A8001E71B1 /* Build configuration list for PBXNativeTarget "4Rum" */ = {
			isa = XCConfigurationList;
			buildConfigurations = (
				8356F81820EF12A8001E71B1 /* Debug */,
				8356F81920EF12A8001E71B1 /* Release */,
			);
			defaultConfigurationIsVisible = 0;
			defaultConfigurationName = Release;
		};
/* End XCConfigurationList section */
	};
	rootObject = 8356F7FD20EF12A5001E71B1 /* Project object */;
}
